{
  "pins" : [
    {
      "identity" : "alamofire",
      "kind" : "remoteSourceControl",
      "location" : "https://github.com/Alamofire/Alamofire",
      "state" : {
        "revision" : "f96b619bcb2383b43d898402283924b80e2c4bae",
        "version" : "5.4.3"
      }
    },
    {
      "identity" : "asn1decoder",
      "kind" : "remoteSourceControl",
      "location" : "https://github.com/filom/ASN1Decoder",
      "state" : {
        "revision" : "65953a42a0f039f53c73e48fd88c02809f7db607",
        "version" : "1.8.0"
      }
    },
    {
      "identity" : "dgca-app-core-ios",
      "kind" : "remoteSourceControl",
      "location" : "https://github.com/eu-digital-green-certificates/dgca-app-core-ios",
      "state" : {
        "branch" : "main",
        "revision" : "f1bcb3b21532021692ff8b1358bcc8d807ed1c84"
      }
    },
    {
      "identity" : "floatingpanel",
      "kind" : "remoteSourceControl",
      "location" : "https://github.com/SCENEE/FloatingPanel",
      "state" : {
        "revision" : "b8fcb50874f50bb511173700f87b09344c568c6a",
        "version" : "2.4.0"
      }
    },
    {
      "identity" : "jsonschema.swift",
      "kind" : "remoteSourceControl",
      "location" : "https://github.com/eu-digital-green-certificates/JSONSchema.swift",
      "state" : {
        "branch" : "master",
        "revision" : "4809e8a105b3fd2818a08caf9e3cbcdd7d319af2"
      }
    },
    {
      "identity" : "pathkit",
      "kind" : "remoteSourceControl",
      "location" : "https://github.com/kylef/PathKit.git",
      "state" : {
        "revision" : "73f8e9dca9b7a3078cb79128217dc8f2e585a511",
        "version" : "1.0.0"
      }
    },
    {
      "identity" : "realm-cocoa",
      "kind" : "remoteSourceControl",
      "location" : "https://github.com/realm/realm-cocoa.git",
      "state" : {
        "revision" : "83a07f6a508c3427058d9e2c466208d0b6a960fa",
        "version" : "10.12.0"
      }
    },
    {
      "identity" : "realm-core",
      "kind" : "remoteSourceControl",
      "location" : "https://github.com/realm/realm-core",
      "state" : {
        "revision" : "e72b3078bfc5c3f69a0b18f7a220be27e28c463f",
        "version" : "11.2.0"
      }
    },
    {
      "identity" : "spectre",
      "kind" : "remoteSourceControl",
      "location" : "https://github.com/kylef/Spectre.git",
      "state" : {
        "revision" : "d02129a9af77729de049d328dd61e530b6f2bb2b"
      }
    },
    {
      "identity" : "swiftcbor",
      "kind" : "remoteSourceControl",
      "location" : "https://github.com/eu-digital-green-certificates/SwiftCBOR",
      "state" : {
        "branch" : "master",
        "revision" : "b76024995f6909e4615f943c7a03268fd29778fc"
      }
    },
    {
      "identity" : "swiftyjson",
      "kind" : "remoteSourceControl",
      "location" : "https://github.com/SwiftyJSON/SwiftyJSON",
      "state" : {
        "revision" : "b3dcd7dbd0d488e1a7077cb33b00f2083e382f07",
        "version" : "5.0.1"
      }
    }
  ],
  "version" : 2
}
